
Microsoft Visual Studio Solution File, Format Version 12.00
# Visual Studio 15
VisualStudioVersion = 15.0.25807.0
MinimumVisualStudioVersion = 10.0.40219.1
Project("{2150E333-8FDC-42A3-9474-1A3956D46DE8}") = "Engine", "Engine", "{4E805F8D-B042-4262-8489-B03956F9CDC5}"
EndProject
Project("{2150E333-8FDC-42A3-9474-1A3956D46DE8}") = "Games", "Games", "{F7AA7119-8114-497B-8EE9-224915E3BC8B}"
EndProject
Project("{8BC9CEB8-8B4A-11D0-8D11-00A0C91BC942}") = "UE4", "Intermediate\ProjectFiles\UE4.vcxproj", "{698C26DC-846F-4A26-89C1-3C4E2AEEF361}"
EndProject
Project("{8BC9CEB8-8B4A-11D0-8D11-00A0C91BC942}") = "July_15_car_test", "Intermediate\ProjectFiles\July_15_car_test.vcxproj", "{9AFA1D07-BF33-4A86-8945-D013B1EECEBB}"
EndProject
Project("{2150E333-8FDC-42A3-9474-1A3956D46DE8}") = "Visualizers", "Visualizers", "{5B459B27-CDE4-40E0-B7E1-4FD5A41019F9}"
	ProjectSection(SolutionItems) = preProject
		..\..\..\..\..\Program Files\Epic Games\UE_4.22\Engine\Extras\VisualStudioDebugging\UE4.natvis = ..\..\..\..\..\Program Files\Epic Games\UE_4.22\Engine\Extras\VisualStudioDebugging\UE4.natvis
	EndProjectSection
EndProject
Global
	GlobalSection(SolutionConfigurationPlatforms) = preSolution
		DebugGame Editor|HTML5 = DebugGame Editor|HTML5
		DebugGame Editor|Win32 = DebugGame Editor|Win32
		DebugGame Editor|Win64 = DebugGame Editor|Win64
		DebugGame|HTML5 = DebugGame|HTML5
		DebugGame|Win32 = DebugGame|Win32
		DebugGame|Win64 = DebugGame|Win64
		Development Editor|HTML5 = Development Editor|HTML5
		Development Editor|Win32 = Development Editor|Win32
		Development Editor|Win64 = Development Editor|Win64
		Development|HTML5 = Development|HTML5
		Development|Win32 = Development|Win32
		Development|Win64 = Development|Win64
		Shipping|HTML5 = Shipping|HTML5
		Shipping|Win32 = Shipping|Win32
		Shipping|Win64 = Shipping|Win64
	EndGlobalSection
	GlobalSection(ProjectConfigurationPlatforms) = postSolution
		{698C26DC-846F-4A26-89C1-3C4E2AEEF361}.DebugGame Editor|HTML5.ActiveCfg = BuiltWithUnrealBuildTool|Win32
		{698C26DC-846F-4A26-89C1-3C4E2AEEF361}.DebugGame Editor|Win32.ActiveCfg = BuiltWithUnrealBuildTool|Win32
		{698C26DC-846F-4A26-89C1-3C4E2AEEF361}.DebugGame Editor|Win64.ActiveCfg = BuiltWithUnrealBuildTool|Win32
		{698C26DC-846F-4A26-89C1-3C4E2AEEF361}.DebugGame|HTML5.ActiveCfg = BuiltWithUnrealBuildTool|Win32
		{698C26DC-846F-4A26-89C1-3C4E2AEEF361}.DebugGame|Win32.ActiveCfg = BuiltWithUnrealBuildTool|Win32
		{698C26DC-846F-4A26-89C1-3C4E2AEEF361}.DebugGame|Win64.ActiveCfg = BuiltWithUnrealBuildTool|Win32
		{698C26DC-846F-4A26-89C1-3C4E2AEEF361}.Development Editor|HTML5.ActiveCfg = BuiltWithUnrealBuildTool|Win32
		{698C26DC-846F-4A26-89C1-3C4E2AEEF361}.Development Editor|Win32.ActiveCfg = BuiltWithUnrealBuildTool|Win32
		{698C26DC-846F-4A26-89C1-3C4E2AEEF361}.Development Editor|Win64.ActiveCfg = BuiltWithUnrealBuildTool|Win32
		{698C26DC-846F-4A26-89C1-3C4E2AEEF361}.Development|HTML5.ActiveCfg = BuiltWithUnrealBuildTool|Win32
		{698C26DC-846F-4A26-89C1-3C4E2AEEF361}.Development|Win32.ActiveCfg = BuiltWithUnrealBuildTool|Win32
		{698C26DC-846F-4A26-89C1-3C4E2AEEF361}.Development|Win64.ActiveCfg = BuiltWithUnrealBuildTool|Win32
		{698C26DC-846F-4A26-89C1-3C4E2AEEF361}.Shipping|HTML5.ActiveCfg = BuiltWithUnrealBuildTool|Win32
		{698C26DC-846F-4A26-89C1-3C4E2AEEF361}.Shipping|Win32.ActiveCfg = BuiltWithUnrealBuildTool|Win32
		{698C26DC-846F-4A26-89C1-3C4E2AEEF361}.Shipping|Win64.ActiveCfg = BuiltWithUnrealBuildTool|Win32
		{9AFA1D07-BF33-4A86-8945-D013B1EECEBB}.DebugGame Editor|HTML5.ActiveCfg = Invalid|Win32
		{9AFA1D07-BF33-4A86-8945-D013B1EECEBB}.DebugGame Editor|Win32.ActiveCfg = Invalid|Win32
		{9AFA1D07-BF33-4A86-8945-D013B1EECEBB}.DebugGame Editor|Win64.ActiveCfg = DebugGame_Editor|x64
		{9AFA1D07-BF33-4A86-8945-D013B1EECEBB}.DebugGame Editor|Win64.Build.0 = DebugGame_Editor|x64
		{9AFA1D07-BF33-4A86-8945-D013B1EECEBB}.DebugGame|HTML5.ActiveCfg = HTML5_DebugGame|Win32
		{9AFA1D07-BF33-4A86-8945-D013B1EECEBB}.DebugGame|HTML5.Build.0 = HTML5_DebugGame|Win32
		{9AFA1D07-BF33-4A86-8945-D013B1EECEBB}.DebugGame|Win32.ActiveCfg = DebugGame|Win32
		{9AFA1D07-BF33-4A86-8945-D013B1EECEBB}.DebugGame|Win32.Build.0 = DebugGame|Win32
		{9AFA1D07-BF33-4A86-8945-D013B1EECEBB}.DebugGame|Win64.ActiveCfg = DebugGame|x64
		{9AFA1D07-BF33-4A86-8945-D013B1EECEBB}.DebugGame|Win64.Build.0 = DebugGame|x64
		{9AFA1D07-BF33-4A86-8945-D013B1EECEBB}.Development Editor|HTML5.ActiveCfg = Invalid|Win32
		{9AFA1D07-BF33-4A86-8945-D013B1EECEBB}.Development Editor|Win32.ActiveCfg = Invalid|Win32
		{9AFA1D07-BF33-4A86-8945-D013B1EECEBB}.Development Editor|Win64.ActiveCfg = Development_Editor|x64
		{9AFA1D07-BF33-4A86-8945-D013B1EECEBB}.Development Editor|Win64.Build.0 = Development_Editor|x64
		{9AFA1D07-BF33-4A86-8945-D013B1EECEBB}.Development|HTML5.ActiveCfg = HTML5_Development|Win32
		{9AFA1D07-BF33-4A86-8945-D013B1EECEBB}.Development|HTML5.Build.0 = HTML5_Development|Win32
		{9AFA1D07-BF33-4A86-8945-D013B1EECEBB}.Development|Win32.ActiveCfg = Development|Win32
		{9AFA1D07-BF33-4A86-8945-D013B1EECEBB}.Development|Win32.Build.0 = Development|Win32
		{9AFA1D07-BF33-4A86-8945-D013B1EECEBB}.Development|Win64.ActiveCfg = Development|x64
		{9AFA1D07-BF33-4A86-8945-D013B1EECEBB}.Development|Win64.Build.0 = Development|x64
		{9AFA1D07-BF33-4A86-8945-D013B1EECEBB}.Shipping|HTML5.ActiveCfg = HTML5_Shipping|Win32
		{9AFA1D07-BF33-4A86-8945-D013B1EECEBB}.Shipping|HTML5.Build.0 = HTML5_Shipping|Win32
		{9AFA1D07-BF33-4A86-8945-D013B1EECEBB}.Shipping|Win32.ActiveCfg = Shipping|Win32
		{9AFA1D07-BF33-4A86-8945-D013B1EECEBB}.Shipping|Win32.Build.0 = Shipping|Win32
		{9AFA1D07-BF33-4A86-8945-D013B1EECEBB}.Shipping|Win64.ActiveCfg = Shipping|x64
		{9AFA1D07-BF33-4A86-8945-D013B1EECEBB}.Shipping|Win64.Build.0 = Shipping|x64
	EndGlobalSection
	GlobalSection(SolutionProperties) = preSolution
		HideSolutionNode = FALSE
	EndGlobalSection
	GlobalSection(NestedProjects) = preSolution
		{698C26DC-846F-4A26-89C1-3C4E2AEEF361} = {4E805F8D-B042-4262-8489-B03956F9CDC5}
		{9AFA1D07-BF33-4A86-8945-D013B1EECEBB} = {F7AA7119-8114-497B-8EE9-224915E3BC8B}
	EndGlobalSection
EndGlobal
